{
  "nodes": {
    "home-manager": {
      "inputs": {
        "nixpkgs": [
          "nixpkgs"
        ]
      },
      "locked": {
        "lastModified": 1772020340,
        "narHash": "sha256-aqBl3GNpCadMoJ/hVkWTijM1Aeilc278MjM+LA3jK6g=",
        "owner": "nix-community",
        "repo": "home-manager",
        "rev": "36e38ca0d9afe4c55405fdf22179a5212243eecc",
        "type": "github"
      },
      "original": {
        "owner": "nix-community",
        "ref": "release-25.11",
        "repo": "home-manager",
        "type": "github"
      }
    },
    "nixpkgs": {
      "locked": {
        "lastModified": 1771848320,
        "narHash": "sha256-0MAd+0mun3K/Ns8JATeHT1sX28faLII5hVLq0L3BdZU=",
        "owner": "nixos",
        "repo": "nixpkgs",
        "rev": "2fc6539b481e1d2569f25f8799236694180c0993",
        "type": "github"
      },
      "original": {
        "owner": "nixos",
        "ref": "nixos-unstable",
        "repo": "nixpkgs",
        "type": "github"
      }
    },
    "noctalia": {
      "inputs": {
        "nixpkgs": [
          "nixpkgs"
        ],
        "noctalia-qs": "noctalia-qs"
      },
      "locked": {
        "lastModified": 1772037803,
        "narHash": "sha256-307PELik0fSETKF0xwM2uAeIsFZTkOApEMnZ2wcTpA4=",
        "owner": "noctalia-dev",
        "repo": "noctalia-shell",
        "rev": "2e43e5348e290220d65b024aa543fc672b05a3cc",
        "type": "github"
      },
      "original": {
        "owner": "noctalia-dev",
        "repo": "noctalia-shell",
        "type": "github"
      }
    },
    "noctalia-qs": {
      "inputs": {
        "nixpkgs": [
          "noctalia",
          "nixpkgs"
        ]
      },
      "locked": {
        "lastModified": 1771796397,
        "narHash": "sha256-lbZkAMNQl5Ymqhdvp46K8hubZ7n7KQRPnTP5bNJzMSk=",
        "owner": "noctalia-dev",
        "repo": "noctalia-qs",
        "rev": "1711c5a20b74a31b703394164c5d2d9561f13ee9",
        "type": "github"
      },
      "original": {
        "owner": "noctalia-dev",
        "repo": "noctalia-qs",
        "type": "github"
      }
    },
    "root": {
      "inputs": {
        "home-manager": "home-manager",
        "nixpkgs": "nixpkgs",
        "noctalia": "noctalia"
      }
    }
  },
  "root": "root",
  "version": 7
}
